
Microsoft Visual Studio Solution File, Format Version 12.00
# Visual Studio 15
VisualStudioVersion = 15.0.28307.705
MinimumVisualStudioVersion = 10.0.40219.1
Project("{FAE04EC0-301F-11D3-BF4B-00C04F79EFBC}") = "Toast2.0_SH19", "Toast2.0_SH19\Toast2.0_SH19.csproj", "{A65274E2-C67D-43FB-874D-1F15BC5A5927}"
EndProject
Global
	GlobalSection(SolutionConfigurationPlatforms) = preSolution
		Debug|Any CPU = Debug|Any CPU
		Release|Any CPU = Release|Any CPU
	EndGlobalSection
	GlobalSection(ProjectConfigurationPlatforms) = postSolution
		{A65274E2-C67D-43FB-874D-1F15BC5A5927}.Debug|Any CPU.ActiveCfg = Debug|Any CPU
		{A65274E2-C67D-43FB-874D-1F15BC5A5927}.Debug|Any CPU.Build.0 = Debug|Any CPU
		{A65274E2-C67D-43FB-874D-1F15BC5A5927}.Release|Any CPU.ActiveCfg = Release|Any CPU
		{A65274E2-C67D-43FB-874D-1F15BC5A5927}.Release|Any CPU.Build.0 = Release|Any CPU
	EndGlobalSection
	GlobalSection(SolutionProperties) = preSolution
		HideSolutionNode = FALSE
	EndGlobalSection
	GlobalSection(ExtensibilityGlobals) = postSolution
		SolutionGuid = {A7F9A14F-3F89-464F-803A-335EE86237E5}
	EndGlobalSection
EndGlobal
